lockfileVersion: '9.0'

settings:
  autoInstallPeers: true
  excludeLinksFromLockfile: false

importers:

  .:
    devDependencies:
      '@types/vscode':
        specifier: ^1.74.0
        version: 1.120.0
      typescript:
        specifier: ^5.3.0
        version: 5.9.3

packages:

  '@types/vscode@1.120.0':
    resolution: {integrity: sha512-feaT4Rst+FkTch5zz/ZbNCxoIvo55YU80Be2kiL7OJcod4+CUYf2lUBPdIJzozNnSEMq1VRTGrWEcCGFB3fBmA==, tarball: https://registry.npmjs.org/@types/vscode/-/vscode-1.120.0.tgz}

  typescript@5.9.3:
    resolution: {integrity: sha512-jl1vZzPDinLr9eUt3J/t7V6FgNEw9QjvBPdysz9KfQDD41fQrC2Y4vKQdiaUpFT4bXlb1RHhLpp8wtm6M5TgSw==, tarball: https://registry.npmjs.org/typescript/-/typescript-5.9.3.tgz}
    engines: {node: '>=14.17'}
    hasBin: true

snapshots:

  '@types/vscode@1.120.0': {}

  typescript@5.9.3: {}
